
Microsoft Visual Studio Solution File, Format Version 12.00
# Visual Studio 15
Project("{FAE04EC0-301F-11D3-BF4B-00C04F79EFBC}") = "Assembly-CSharp", "Assembly-CSharp.csproj", "{56605B42-21B2-6DC7-0F10-0B485E62C9B5}"
EndProject
Project("{FAE04EC0-301F-11D3-BF4B-00C04F79EFBC}") = "Assembly-CSharp-Editor", "Assembly-CSharp-Editor.csproj", "{867A71A2-0BCA-F5D3-12CE-B4F4161281B5}"
EndProject
Global
	GlobalSection(SolutionConfigurationPlatforms) = preSolution
		Debug|Any CPU = Debug|Any CPU
		Release|Any CPU = Release|Any CPU
	EndGlobalSection
	GlobalSection(ProjectConfigurationPlatforms) = postSolution
		{56605B42-21B2-6DC7-0F10-0B485E62C9B5}.Debug|Any CPU.ActiveCfg = Debug|Any CPU
		{56605B42-21B2-6DC7-0F10-0B485E62C9B5}.Debug|Any CPU.Build.0 = Debug|Any CPU
		{56605B42-21B2-6DC7-0F10-0B485E62C9B5}.Release|Any CPU.ActiveCfg = Release|Any CPU
		{56605B42-21B2-6DC7-0F10-0B485E62C9B5}.Release|Any CPU.Build.0 = Release|Any CPU
		{867A71A2-0BCA-F5D3-12CE-B4F4161281B5}.Debug|Any CPU.ActiveCfg = Debug|Any CPU
		{867A71A2-0BCA-F5D3-12CE-B4F4161281B5}.Debug|Any CPU.Build.0 = Debug|Any CPU
		{867A71A2-0BCA-F5D3-12CE-B4F4161281B5}.Release|Any CPU.ActiveCfg = Release|Any CPU
		{867A71A2-0BCA-F5D3-12CE-B4F4161281B5}.Release|Any CPU.Build.0 = Release|Any CPU
	EndGlobalSection
	GlobalSection(SolutionProperties) = preSolution
		HideSolutionNode = FALSE
	EndGlobalSection
EndGlobal
